
Microsoft Visual Studio Solution File, Format Version 12.00
# Visual Studio Version 16
VisualStudioVersion = 16.0.30516.212
MinimumVisualStudioVersion = 10.0.40219.1
Project("{FAE04EC0-301F-11D3-BF4B-00C04F79EFBC}") = "UnitUnderTest", "UnitUnderTest\UnitUnderTest.csproj", "{21835CBF-6413-4D47-A9A7-2F2F4ED9ABB2}"
EndProject
Project("{FAE04EC0-301F-11D3-BF4B-00C04F79EFBC}") = "UnitTests", "UnitTests\UnitTests.csproj", "{5D1C8253-B6C2-4A54-AE69-A743B9810A69}"
EndProject
Project("{FAE04EC0-301F-11D3-BF4B-00C04F79EFBC}") = "Program", "Program\Program.csproj", "{4DC9B5FD-E0DE-4854-95DB-11FFA70F701B}"
EndProject
Global
	GlobalSection(SolutionConfigurationPlatforms) = preSolution
		Debug|Any CPU = Debug|Any CPU
		Release|Any CPU = Release|Any CPU
	EndGlobalSection
	GlobalSection(ProjectConfigurationPlatforms) = postSolution
		{21835CBF-6413-4D47-A9A7-2F2F4ED9ABB2}.Debug|Any CPU.ActiveCfg = Debug|Any CPU
		{21835CBF-6413-4D47-A9A7-2F2F4ED9ABB2}.Debug|Any CPU.Build.0 = Debug|Any CPU
		{21835CBF-6413-4D47-A9A7-2F2F4ED9ABB2}.Release|Any CPU.ActiveCfg = Release|Any CPU
		{21835CBF-6413-4D47-A9A7-2F2F4ED9ABB2}.Release|Any CPU.Build.0 = Release|Any CPU
		{5D1C8253-B6C2-4A54-AE69-A743B9810A69}.Debug|Any CPU.ActiveCfg = Debug|Any CPU
		{5D1C8253-B6C2-4A54-AE69-A743B9810A69}.Debug|Any CPU.Build.0 = Debug|Any CPU
		{5D1C8253-B6C2-4A54-AE69-A743B9810A69}.Release|Any CPU.ActiveCfg = Release|Any CPU
		{5D1C8253-B6C2-4A54-AE69-A743B9810A69}.Release|Any CPU.Build.0 = Release|Any CPU
		{4DC9B5FD-E0DE-4854-95DB-11FFA70F701B}.Debug|Any CPU.ActiveCfg = Debug|Any CPU
		{4DC9B5FD-E0DE-4854-95DB-11FFA70F701B}.Debug|Any CPU.Build.0 = Debug|Any CPU
		{4DC9B5FD-E0DE-4854-95DB-11FFA70F701B}.Release|Any CPU.ActiveCfg = Release|Any CPU
		{4DC9B5FD-E0DE-4854-95DB-11FFA70F701B}.Release|Any CPU.Build.0 = Release|Any CPU
	EndGlobalSection
	GlobalSection(SolutionProperties) = preSolution
		HideSolutionNode = FALSE
	EndGlobalSection
	GlobalSection(ExtensibilityGlobals) = postSolution
		SolutionGuid = {AF708C24-7A12-4435-BFC1-6F13C283C535}
	EndGlobalSection
EndGlobal
